
Microsoft Visual Studio Solution File, Format Version 12.00
# Visual Studio Version 16
VisualStudioVersion = 16.0.30114.105
MinimumVisualStudioVersion = 10.0.40219.1
Project("{2150E333-8FDC-42A3-9474-1A3956D46DE8}") = "services", "services", "{2BB3E0C9-8864-4233-9686-EC26F956BC04}"
EndProject
Project("{2150E333-8FDC-42A3-9474-1A3956D46DE8}") = "booking", "booking", "{FE2E03BE-CCBC-465B-9BE2-876DEADBB2AA}"
EndProject
Project("{2150E333-8FDC-42A3-9474-1A3956D46DE8}") = "src", "src", "{673E59E5-C4B8-4C59-9816-FBF0BECD9DFC}"
EndProject
Project("{FAE04EC0-301F-11D3-BF4B-00C04F79EFBC}") = "Booking.Service", "services\booking\src\Booking.Service\Booking.Service.csproj", "{39FA90D2-D5FB-48CD-8A94-8576C7828995}"
EndProject
Project("{2150E333-8FDC-42A3-9474-1A3956D46DE8}") = "common", "common", "{2F4C0407-B499-4A5A-B5EC-C3E2CFB1DF5B}"
EndProject
Project("{2150E333-8FDC-42A3-9474-1A3956D46DE8}") = "src", "src", "{AD7DCC82-1F4A-4C41-80A9-3F64608F6C2A}"
EndProject
Project("{FAE04EC0-301F-11D3-BF4B-00C04F79EFBC}") = "Common.Service", "services\common\src\Common.Service\Common.Service.csproj", "{6337ACBF-6A89-4C58-8D43-454636A81943}"
EndProject
Project("{2150E333-8FDC-42A3-9474-1A3956D46DE8}") = "gateways", "gateways", "{23332BAC-6360-47D5-A372-5CE2A5A7C69F}"
EndProject
Project("{2150E333-8FDC-42A3-9474-1A3956D46DE8}") = "web", "web", "{095D03A8-186D-4E62-AE93-EBF430817EFD}"
EndProject
Project("{2150E333-8FDC-42A3-9474-1A3956D46DE8}") = "src", "src", "{D8D142B6-531A-4E55-8393-D64A48AA719A}"
EndProject
Project("{FAE04EC0-301F-11D3-BF4B-00C04F79EFBC}") = "WebGateway", "gateways\web\src\WebGateway\WebGateway.csproj", "{D12D03D2-D406-47F0-8DBF-8A2ACDC5AD66}"
EndProject
Global
	GlobalSection(SolutionConfigurationPlatforms) = preSolution
		Debug|Any CPU = Debug|Any CPU
		Release|Any CPU = Release|Any CPU
	EndGlobalSection
	GlobalSection(SolutionProperties) = preSolution
		HideSolutionNode = FALSE
	EndGlobalSection
	GlobalSection(ProjectConfigurationPlatforms) = postSolution
		{39FA90D2-D5FB-48CD-8A94-8576C7828995}.Debug|Any CPU.ActiveCfg = Debug|Any CPU
		{39FA90D2-D5FB-48CD-8A94-8576C7828995}.Debug|Any CPU.Build.0 = Debug|Any CPU
		{39FA90D2-D5FB-48CD-8A94-8576C7828995}.Release|Any CPU.ActiveCfg = Release|Any CPU
		{39FA90D2-D5FB-48CD-8A94-8576C7828995}.Release|Any CPU.Build.0 = Release|Any CPU
		{6337ACBF-6A89-4C58-8D43-454636A81943}.Debug|Any CPU.ActiveCfg = Debug|Any CPU
		{6337ACBF-6A89-4C58-8D43-454636A81943}.Debug|Any CPU.Build.0 = Debug|Any CPU
		{6337ACBF-6A89-4C58-8D43-454636A81943}.Release|Any CPU.ActiveCfg = Release|Any CPU
		{6337ACBF-6A89-4C58-8D43-454636A81943}.Release|Any CPU.Build.0 = Release|Any CPU
		{D12D03D2-D406-47F0-8DBF-8A2ACDC5AD66}.Debug|Any CPU.ActiveCfg = Debug|Any CPU
		{D12D03D2-D406-47F0-8DBF-8A2ACDC5AD66}.Debug|Any CPU.Build.0 = Debug|Any CPU
		{D12D03D2-D406-47F0-8DBF-8A2ACDC5AD66}.Release|Any CPU.ActiveCfg = Release|Any CPU
		{D12D03D2-D406-47F0-8DBF-8A2ACDC5AD66}.Release|Any CPU.Build.0 = Release|Any CPU
	EndGlobalSection
	GlobalSection(NestedProjects) = preSolution
		{FE2E03BE-CCBC-465B-9BE2-876DEADBB2AA} = {2BB3E0C9-8864-4233-9686-EC26F956BC04}
		{673E59E5-C4B8-4C59-9816-FBF0BECD9DFC} = {FE2E03BE-CCBC-465B-9BE2-876DEADBB2AA}
		{39FA90D2-D5FB-48CD-8A94-8576C7828995} = {673E59E5-C4B8-4C59-9816-FBF0BECD9DFC}
		{2F4C0407-B499-4A5A-B5EC-C3E2CFB1DF5B} = {2BB3E0C9-8864-4233-9686-EC26F956BC04}
		{AD7DCC82-1F4A-4C41-80A9-3F64608F6C2A} = {2F4C0407-B499-4A5A-B5EC-C3E2CFB1DF5B}
		{6337ACBF-6A89-4C58-8D43-454636A81943} = {AD7DCC82-1F4A-4C41-80A9-3F64608F6C2A}
		{095D03A8-186D-4E62-AE93-EBF430817EFD} = {23332BAC-6360-47D5-A372-5CE2A5A7C69F}
		{D8D142B6-531A-4E55-8393-D64A48AA719A} = {095D03A8-186D-4E62-AE93-EBF430817EFD}
		{D12D03D2-D406-47F0-8DBF-8A2ACDC5AD66} = {D8D142B6-531A-4E55-8393-D64A48AA719A}
	EndGlobalSection
EndGlobal
