
Microsoft Visual Studio Solution File, Format Version 12.00
# Visual Studio Version 16
VisualStudioVersion = 16.0.30114.105
MinimumVisualStudioVersion = 10.0.40219.1
Project("{2150E333-8FDC-42A3-9474-1A3956D46DE8}") = "src", "src", "{4789806F-DB15-45F0-A23E-428B3D75299A}"
EndProject
Project("{FAE04EC0-301F-11D3-BF4B-00C04F79EFBC}") = "Common.Service", "src\Common.Service\Common.Service.csproj", "{FFB80227-D64C-4057-B6D7-181755E1EE95}"
EndProject
Global
	GlobalSection(SolutionConfigurationPlatforms) = preSolution
		Debug|Any CPU = Debug|Any CPU
		Release|Any CPU = Release|Any CPU
	EndGlobalSection
	GlobalSection(SolutionProperties) = preSolution
		HideSolutionNode = FALSE
	EndGlobalSection
	GlobalSection(ProjectConfigurationPlatforms) = postSolution
		{FFB80227-D64C-4057-B6D7-181755E1EE95}.Debug|Any CPU.ActiveCfg = Debug|Any CPU
		{FFB80227-D64C-4057-B6D7-181755E1EE95}.Debug|Any CPU.Build.0 = Debug|Any CPU
		{FFB80227-D64C-4057-B6D7-181755E1EE95}.Release|Any CPU.ActiveCfg = Release|Any CPU
		{FFB80227-D64C-4057-B6D7-181755E1EE95}.Release|Any CPU.Build.0 = Release|Any CPU
	EndGlobalSection
	GlobalSection(NestedProjects) = preSolution
		{FFB80227-D64C-4057-B6D7-181755E1EE95} = {4789806F-DB15-45F0-A23E-428B3D75299A}
	EndGlobalSection
EndGlobal
